
Microsoft Visual Studio Solution File, Format Version 12.00
# Visual Studio 15
Project("{FAE04EC0-301F-11D3-BF4B-00C04F79EFBC}") = "MvcMovie", "MvcMovie\MvcMovie.csproj", "{D3CBCCB2-E4AE-4261-A68B-2E725F3B1E73}"
EndProject
Project("{FAE04EC0-301F-11D3-BF4B-00C04F79EFBC}") = "MvcMovieTests", "MvcMovieTests\MvcMovieTests.csproj", "{D0AC56B4-1847-4000-82E6-F67E9CD2902C}"
EndProject
Project("{2150E333-8FDC-42A3-9474-1A3956D46DE8}") = "Solution Items", "Solution Items", "{D6DF18DA-EB57-4963-9EFF-10E864907FF5}"
	ProjectSection(SolutionItems) = preProject
		Readme.md = Readme.md
	EndProjectSection
EndProject
Global
	GlobalSection(SolutionConfigurationPlatforms) = preSolution
		Debug|Any CPU = Debug|Any CPU
		Release|Any CPU = Release|Any CPU
	EndGlobalSection
	GlobalSection(ProjectConfigurationPlatforms) = postSolution
		{D3CBCCB2-E4AE-4261-A68B-2E725F3B1E73}.Debug|Any CPU.ActiveCfg = Debug|Any CPU
		{D3CBCCB2-E4AE-4261-A68B-2E725F3B1E73}.Debug|Any CPU.Build.0 = Debug|Any CPU
		{D3CBCCB2-E4AE-4261-A68B-2E725F3B1E73}.Release|Any CPU.ActiveCfg = Release|Any CPU
		{D3CBCCB2-E4AE-4261-A68B-2E725F3B1E73}.Release|Any CPU.Build.0 = Release|Any CPU
		{D0AC56B4-1847-4000-82E6-F67E9CD2902C}.Debug|Any CPU.ActiveCfg = Debug|Any CPU
		{D0AC56B4-1847-4000-82E6-F67E9CD2902C}.Debug|Any CPU.Build.0 = Debug|Any CPU
		{D0AC56B4-1847-4000-82E6-F67E9CD2902C}.Release|Any CPU.ActiveCfg = Release|Any CPU
		{D0AC56B4-1847-4000-82E6-F67E9CD2902C}.Release|Any CPU.Build.0 = Release|Any CPU
	EndGlobalSection
	GlobalSection(MonoDevelopProperties) = preSolution
		Policies = $0
		$0.DotNetNamingPolicy = $1
		$1.DirectoryNamespaceAssociation = PrefixedHierarchical
		$0.StandardHeader = $2
		$0.VersionControlPolicy = $3
	EndGlobalSection
EndGlobal
